
Microsoft Visual Studio Solution File, Format Version 12.00
# Visual Studio Version 16
VisualStudioVersion = 16.0.28803.202
MinimumVisualStudioVersion = 10.0.40219.1
Project("{FAE04EC0-301F-11D3-BF4B-00C04F79EFBC}") = "Menukit", "Menukit\Menukit.csproj", "{955F7957-F5FC-4678-AD9E-AFF1ABE80BD8}"
EndProject
Project("{FAE04EC0-301F-11D3-BF4B-00C04F79EFBC}") = "Tests", "Tests\Tests.csproj", "{229E1BB9-7F2F-4255-9443-02E5B12F68C7}"
EndProject
Global
	GlobalSection(SolutionConfigurationPlatforms) = preSolution
		Debug|Any CPU = Debug|Any CPU
		Release|Any CPU = Release|Any CPU
	EndGlobalSection
	GlobalSection(ProjectConfigurationPlatforms) = postSolution
		{955F7957-F5FC-4678-AD9E-AFF1ABE80BD8}.Debug|Any CPU.ActiveCfg = Debug|Any CPU
		{955F7957-F5FC-4678-AD9E-AFF1ABE80BD8}.Debug|Any CPU.Build.0 = Debug|Any CPU
		{955F7957-F5FC-4678-AD9E-AFF1ABE80BD8}.Release|Any CPU.ActiveCfg = Release|Any CPU
		{955F7957-F5FC-4678-AD9E-AFF1ABE80BD8}.Release|Any CPU.Build.0 = Release|Any CPU
		{229E1BB9-7F2F-4255-9443-02E5B12F68C7}.Debug|Any CPU.ActiveCfg = Debug|Any CPU
		{229E1BB9-7F2F-4255-9443-02E5B12F68C7}.Debug|Any CPU.Build.0 = Debug|Any CPU
		{229E1BB9-7F2F-4255-9443-02E5B12F68C7}.Release|Any CPU.ActiveCfg = Release|Any CPU
		{229E1BB9-7F2F-4255-9443-02E5B12F68C7}.Release|Any CPU.Build.0 = Release|Any CPU
	EndGlobalSection
	GlobalSection(SolutionProperties) = preSolution
		HideSolutionNode = FALSE
	EndGlobalSection
	GlobalSection(ExtensibilityGlobals) = postSolution
		SolutionGuid = {D0F18881-E416-478C-93F2-642EF9404CE4}
	EndGlobalSection
EndGlobal
